# THIS IS AN AUTOGENERATED FILE. DO NOT EDIT THIS FILE DIRECTLY.
# yarn lockfile v1


"@esbuild/darwin-arm64@0.21.5":
  version "0.21.5"
  resolved "https://registry.npmjs.org/@esbuild/darwin-arm64/-/darwin-arm64-0.21.5.tgz"
  integrity sha512-DwqXqZyuk5AiWWf3UfLiRDJ5EDd49zg6O9wclZ7kUMv2WRFr4HKjXp/5t8JZ11QbQfUS6/cRCKGwYhtNAY88kQ==

"@types/node@18":
  version "18.19.39"
  resolved "https://registry.npmjs.org/@types/node/-/node-18.19.39.tgz"
  integrity sha512-nPwTRDKUctxw3di5b4TfT3I0sWDiWoPQCZjXhvdkINntwr8lcoVCKsTgnXeRubKIlfnV+eN/HYk6Jb40tbcEAQ==
  dependencies:
    undici-types "~5.26.4"

ansi-styles@^4.1.0:
  version "4.3.0"
  resolved "https://registry.npmjs.org/ansi-styles/-/ansi-styles-4.3.0.tgz"
  integrity sha512-zbB9rCJAT1rbjiVDb2hqKFHNYLxgtk8NURxZ3IZwD3F6NtxbXZQCnnSi1Lkx+IDohdPlFp222wVALIheZJQSEg==
  dependencies:
    color-convert "^2.0.1"

chalk@^4.1.0:
  version "4.1.2"
  resolved "https://registry.npmjs.org/chalk/-/chalk-4.1.2.tgz"
  integrity sha512-oKnbhFyRIXpUuez8iBMmyEa4nbj4IOQyuhc/wy9kY7/WVPcwIO9VA668Pu8RkO7+0G76SLROeyw9CpQ061i4mA==
  dependencies:
    ansi-styles "^4.1.0"
    supports-color "^7.1.0"

color-convert@^2.0.1:
  version "2.0.1"
  resolved "https://registry.npmjs.org/color-convert/-/color-convert-2.0.1.tgz"
  integrity sha512-RRECPsj7iu/xb5oKYcsFHSppFNnsj/52OVTRKb4zP5onXwVF3zVmmToNcOfGC+CRDpfK/U584fMg38ZHCaElKQ==
  dependencies:
    color-name "~1.1.4"

color-name@~1.1.4:
  version "1.1.4"
  resolved "https://registry.npmjs.org/color-name/-/color-name-1.1.4.tgz"
  integrity sha512-dOy+3AuW3a2wNbZHIuMZpTcgjGuLU/uBL/ubcZF9OXbDo8ff4O8yVp5Bf0efS8uEoYo5q4Fx7dY9OgQGXgAsQA==

deep-rename-keys@^0.2.1:
  version "0.2.1"
  resolved "https://registry.npmjs.org/deep-rename-keys/-/deep-rename-keys-0.2.1.tgz"
  integrity sha512-RHd9ABw4Fvk+gYDWqwOftG849x0bYOySl/RgX0tLI9i27ZIeSO91mLZJEp7oPHOMFqHvpgu21YptmDt0FYD/0A==
  dependencies:
    kind-of "^3.0.2"
    rename-keys "^1.1.2"

esbuild@~0.21.5:
  version "0.21.5"
  resolved "https://registry.npmjs.org/esbuild/-/esbuild-0.21.5.tgz"
  integrity sha512-mg3OPMV4hXywwpoDxu3Qda5xCKQi+vCTZq8S9J/EpkhB2HzKXq4SNFZE3+NK93JYxc8VMSep+lOUSC/RVKaBqw==
  optionalDependencies:
    "@esbuild/aix-ppc64" "0.21.5"
    "@esbuild/android-arm" "0.21.5"
    "@esbuild/android-arm64" "0.21.5"
    "@esbuild/android-x64" "0.21.5"
    "@esbuild/darwin-arm64" "0.21.5"
    "@esbuild/darwin-x64" "0.21.5"
    "@esbuild/freebsd-arm64" "0.21.5"
    "@esbuild/freebsd-x64" "0.21.5"
    "@esbuild/linux-arm" "0.21.5"
    "@esbuild/linux-arm64" "0.21.5"
    "@esbuild/linux-ia32" "0.21.5"
    "@esbuild/linux-loong64" "0.21.5"
    "@esbuild/linux-mips64el" "0.21.5"
    "@esbuild/linux-ppc64" "0.21.5"
    "@esbuild/linux-riscv64" "0.21.5"
    "@esbuild/linux-s390x" "0.21.5"
    "@esbuild/linux-x64" "0.21.5"
    "@esbuild/netbsd-x64" "0.21.5"
    "@esbuild/openbsd-x64" "0.21.5"
    "@esbuild/sunos-x64" "0.21.5"
    "@esbuild/win32-arm64" "0.21.5"
    "@esbuild/win32-ia32" "0.21.5"
    "@esbuild/win32-x64" "0.21.5"

eventemitter3@^2.0.0:
  version "2.0.3"
  resolved "https://registry.npmjs.org/eventemitter3/-/eventemitter3-2.0.3.tgz"
  integrity sha512-jLN68Dx5kyFHaePoXWPsCGW5qdyZQtLYHkxkg02/Mz6g0kYpDx4FyP6XfArhQdlOC4b8Mv+EMxPo/8La7Tzghg==

get-tsconfig@^4.7.5:
  version "4.7.5"
  resolved "https://registry.npmjs.org/get-tsconfig/-/get-tsconfig-4.7.5.tgz"
  integrity sha512-ZCuZCnlqNzjb4QprAzXKdpp/gh6KTxSJuw3IBsPnV/7fV4NxC9ckB+vPTt8w7fJA0TaSD7c55BR47JD6MEDyDw==
  dependencies:
    resolve-pkg-maps "^1.0.0"

has-flag@^4.0.0:
  version "4.0.0"
  resolved "https://registry.npmjs.org/has-flag/-/has-flag-4.0.0.tgz"
  integrity sha512-EykJT/Q1KjTWctppgIAgfSO0tKVuZUjhgMr17kqTumMl6Afv3EISleU7qZUzoXDFTAHTDC4NOoG/ZxU3EvlMPQ==

is-buffer@^1.1.5:
  version "1.1.6"
  resolved "https://registry.npmjs.org/is-buffer/-/is-buffer-1.1.6.tgz"
  integrity sha512-NcdALwpXkTm5Zvvbk7owOUSvVvBKDgKP5/ewfXEznmQFfs4ZRmanOeKBTjRVjka3QFoN6XJ+9F3USqfHqTaU5w==

kind-of@^3.0.2:
  version "3.2.2"
  resolved "https://registry.npmjs.org/kind-of/-/kind-of-3.2.2.tgz"
  integrity sha512-NOW9QQXMoZGg/oqnVNoNTTIFEIid1627WCffUBJEdMxYApq7mNE7CpzucIPc+ZQg25Phej7IJSmX3hO+oblOtQ==
  dependencies:
    is-buffer "^1.1.5"

prettier@^3.1.1:
  version "3.3.3"
  resolved "https://registry.npmjs.org/prettier/-/prettier-3.3.3.tgz"
  integrity sha512-i2tDNA0O5IrMO757lfrdQZCc2jPNDVntV0m/+4whiDfWaTKfMNgR7Qz0NAeGz/nRqF4m5/6CLzbP4/liHt12Ew==

rename-keys@^1.1.2:
  version "1.2.0"
  resolved "https://registry.npmjs.org/rename-keys/-/rename-keys-1.2.0.tgz"
  integrity sha512-U7XpAktpbSgHTRSNRrjKSrjYkZKuhUukfoBlXWXUExCAqhzh1TU3BDRAfJmarcl5voKS+pbKU9MvyLWKZ4UEEg==

resolve-pkg-maps@^1.0.0:
  version "1.0.0"
  resolved "https://registry.npmjs.org/resolve-pkg-maps/-/resolve-pkg-maps-1.0.0.tgz"
  integrity sha512-seS2Tj26TBVOC2NIc2rOe2y2ZO7efxITtLZcGSOnHHNOQ7CkiUBfw0Iw2ck6xkIhPwLhKNLS8BO+hEpngQlqzw==

supports-color@^7.1.0:
  version "7.2.0"
  resolved "https://registry.npmjs.org/supports-color/-/supports-color-7.2.0.tgz"
  integrity sha512-qpCAvRl9stuOHveKsn7HncJRvv501qIacKzQlO/+Lwxc9+0q2wLyv4Dfvt80/DPn2pqOBsJdDiogXGR9+OvwRw==
  dependencies:
    has-flag "^4.0.0"

svgson@^5.2.1:
  version "5.3.1"
  resolved "https://registry.npmjs.org/svgson/-/svgson-5.3.1.tgz"
  integrity sha512-qdPgvUNWb40gWktBJnbJRelWcPzkLed/ShhnRsjbayXz8OtdPOzbil9jtiZdrYvSDumAz/VNQr6JaNfPx/gvPA==
  dependencies:
    deep-rename-keys "^0.2.1"
    xml-reader "2.4.3"

tsx@^4.7.0:
  version "4.16.2"
  resolved "https://registry.npmjs.org/tsx/-/tsx-4.16.2.tgz"
  integrity sha512-C1uWweJDgdtX2x600HjaFaucXTilT7tgUZHbOE4+ypskZ1OP8CRCSDkCxG6Vya9EwaFIVagWwpaVAn5wzypaqQ==
  dependencies:
    esbuild "~0.21.5"
    get-tsconfig "^4.7.5"
  optionalDependencies:
    fsevents "~2.3.3"

undici-types@~5.26.4:
  version "5.26.5"
  resolved "https://registry.npmjs.org/undici-types/-/undici-types-5.26.5.tgz"
  integrity sha512-JlCMO+ehdEIKqlFxk6IfVoAUVmgz7cU7zD/h9XZ0qzeosSHmUJVOzSQvvYSYWXkFXC+IfLKSIffhv0sVZup6pA==

xml-lexer@^0.2.2:
  version "0.2.2"
  resolved "https://registry.npmjs.org/xml-lexer/-/xml-lexer-0.2.2.tgz"
  integrity sha512-G0i98epIwiUEiKmMcavmVdhtymW+pCAohMRgybyIME9ygfVu8QheIi+YoQh3ngiThsT0SQzJT4R0sKDEv8Ou0w==
  dependencies:
    eventemitter3 "^2.0.0"

xml-reader@2.4.3:
  version "2.4.3"
  resolved "https://registry.npmjs.org/xml-reader/-/xml-reader-2.4.3.tgz"
  integrity sha512-xWldrIxjeAMAu6+HSf9t50ot1uL5M+BtOidRCWHXIeewvSeIpscWCsp4Zxjk8kHHhdqFBrfK8U0EJeCcnyQ/gA==
  dependencies:
    eventemitter3 "^2.0.0"
    xml-lexer "^0.2.2"
